PODS:
  - AFNetworking (3.1.0):
    - AFNetworking/NSURLSession (= 3.1.0)
    - AFNetworking/Reachability (= 3.1.0)
    - AFNetworking/Security (= 3.1.0)
    - AFNetworking/Serialization (= 3.1.0)
    - AFNetworking/UIKit (= 3.1.0)
  - AFNetworking/NSURLSession (3.1.0):
    - AFNetworking/Reachability
    - AFNetworking/Security
    - AFNetworking/Serialization
  - AFNetworking/Reachability (3.1.0)
  - AFNetworking/Security (3.1.0)
  - AFNetworking/Serialization (3.1.0)
  - AFNetworking/UIKit (3.1.0):
    - AFNetworking/NSURLSession
  - DZNEmptyDataSet (1.8.1)
  - FSCalendar (2.7.9)
  - JElasticPullToRefresh (1.0.3)
  - SVProgressHUD (2.0.4)

DEPENDENCIES:
  - AFNetworking (~> 3.1.0)
  - DZNEmptyDataSet
  - FSCalendar
  - JElasticPullToRefresh (~> 1.0.3)
  - SVProgressHUD (~> 2.0.3)

SPEC CHECKSUMS:
  AFNetworking: 5e0e199f73d8626b11e79750991f5d173d1f8b67
  DZNEmptyDataSet: 9525833b9e68ac21c30253e1d3d7076cc828eaa7
  FSCalendar: a04b09f16f811bc92e82f3cf852a15225233b9d5
  JElasticPullToRefresh: 63b15bfbb96ea476dce3df9460509d59473b1e94
  SVProgressHUD: bfde85ed6c573ea802b9cb37894ed9b629034f1b

PODFILE CHECKSUM: 4653f6f686a54f440334b2e514924d35c0079edd

COCOAPODS: 1.4.0
